{
  "name": "360dslGarminOauthReqTok",
  "version": "2.0.0",
  "lockfileVersion": 2,
  "requires": true,
  "packages": {
    "": {
      "name": "360dslGarminOauthReqTok",
      "version": "2.0.0",
      "license": "Apache-2.0",
      "dependencies": {
        "axios": "^0.24.0",
        "oauth-signature": "^1.5.0"
      }
    },
    "node_modules/axios": {
      "version": "0.24.0",
      "resolved": "https://registry.npmjs.org/axios/-/axios-0.24.0.tgz",
      "integrity": "sha512-Q6cWsys88HoPgAaFAVUb0WpPk0O8iTeisR9IMqy9G8AbO4NlpVknrnQS03zzF9PGAWgO3cgletO3VjV/P7VztA==",
      "dependencies": {
        "follow-redirects": "^1.14.4"
      }
    },
    "node_modules/crypto-js": {
      "version": "3.1.9-1",
      "resolved": "https://registry.npmjs.org/crypto-js/-/crypto-js-3.1.9-1.tgz",
      "integrity": "sha1-/aGedh/Ad+Af+/3G6f38WeiAbNg="
    },
    "node_modules/follow-redirects": {
      "version": "1.14.5",
      "resolved": "https://registry.npmjs.org/follow-redirects/-/follow-redirects-1.14.5.tgz",
      "integrity": "sha512-wtphSXy7d4/OR+MvIFbCVBDzZ5520qV8XfPklSN5QtxuMUJZ+b0Wnst1e1lCDocfzuCkHqj8k0FpZqO+UIaKNA==",
      "funding": [
        {
          "type": "individual",
          "url": "https://github.com/sponsors/RubenVerborgh"
        }
      ],
      "engines": {
        "node": ">=4.0"
      },
      "peerDependenciesMeta": {
        "debug": {
          "optional": true
        }
      }
    },
    "node_modules/oauth-signature": {
      "version": "1.5.0",
      "resolved": "https://registry.npmjs.org/oauth-signature/-/oauth-signature-1.5.0.tgz",
      "integrity": "sha512-lF0vEK03oZoE4svZzfp8HVdDC5lPwTeC3DBotRHBbFsA13jHS4kf9CMHRORGxR0Fseo6k25PHBvIJczdYwuflw==",
      "dependencies": {
        "crypto-js": "~3.1.9-1",
        "uri-js": "^3.0.2"
      },
      "engines": {
        "node": "*"
      }
    },
    "node_modules/punycode": {
      "version": "2.1.1",
      "resolved": "https://registry.npmjs.org/punycode/-/punycode-2.1.1.tgz",
      "integrity": "sha512-XRsRjdf+j5ml+y/6GKHPZbrF/8p2Yga0JPtdqTIY2Xe5ohJPD9saDJJLPvp9+NSBprVvevdXZybnj2cv8OEd0A==",
      "engines": {
        "node": ">=6"
      }
    },
    "node_modules/uri-js": {
      "version": "3.0.2",
      "resolved": "https://registry.npmjs.org/uri-js/-/uri-js-3.0.2.tgz",
      "integrity": "sha1-+QuFhQf4HepNz7s8TD2/orVX+qo=",
      "dependencies": {
        "punycode": "^2.1.0"
      }
    }
  },
  "dependencies": {
    "axios": {
      "version": "0.24.0",
      "resolved": "https://registry.npmjs.org/axios/-/axios-0.24.0.tgz",
      "integrity": "sha512-Q6cWsys88HoPgAaFAVUb0WpPk0O8iTeisR9IMqy9G8AbO4NlpVknrnQS03zzF9PGAWgO3cgletO3VjV/P7VztA==",
      "requires": {
        "follow-redirects": "^1.14.4"
      }
    },
    "crypto-js": {
      "version": "3.1.9-1",
      "resolved": "https://registry.npmjs.org/crypto-js/-/crypto-js-3.1.9-1.tgz",
      "integrity": "sha1-/aGedh/Ad+Af+/3G6f38WeiAbNg="
    },
    "follow-redirects": {
      "version": "1.14.5",
      "resolved": "https://registry.npmjs.org/follow-redirects/-/follow-redirects-1.14.5.tgz",
      "integrity": "sha512-wtphSXy7d4/OR+MvIFbCVBDzZ5520qV8XfPklSN5QtxuMUJZ+b0Wnst1e1lCDocfzuCkHqj8k0FpZqO+UIaKNA=="
    },
    "oauth-signature": {
      "version": "1.5.0",
      "resolved": "https://registry.npmjs.org/oauth-signature/-/oauth-signature-1.5.0.tgz",
      "integrity": "sha512-lF0vEK03oZoE4svZzfp8HVdDC5lPwTeC3DBotRHBbFsA13jHS4kf9CMHRORGxR0Fseo6k25PHBvIJczdYwuflw==",
      "requires": {
        "crypto-js": "~3.1.9-1",
        "uri-js": "^3.0.2"
      }
    },
    "punycode": {
      "version": "2.1.1",
      "resolved": "https://registry.npmjs.org/punycode/-/punycode-2.1.1.tgz",
      "integrity": "sha512-XRsRjdf+j5ml+y/6GKHPZbrF/8p2Yga0JPtdqTIY2Xe5ohJPD9saDJJLPvp9+NSBprVvevdXZybnj2cv8OEd0A=="
    },
    "uri-js": {
      "version": "3.0.2",
      "resolved": "https://registry.npmjs.org/uri-js/-/uri-js-3.0.2.tgz",
      "integrity": "sha1-+QuFhQf4HepNz7s8TD2/orVX+qo=",
      "requires": {
        "punycode": "^2.1.0"
      }
    }
  }
}
